Microsoft Visual Studio Solution File, Format Version 11.00
# Visual Studio 2008

Project("{8B37D46A-6430-5E45-19CA-DF64DE8D9C3C}") = "CVTermProject", "Assembly-CSharp.csproj", "{AD0684CC-6A56-63F9-9DFF-D5795571BC31}"
EndProject
Project("{8B37D46A-6430-5E45-19CA-DF64DE8D9C3C}") = "CVTermProject", "Assembly-CSharp-Editor.csproj", "{3AA6FC2F-5509-A955-9CA5-9A0C03B08446}"
EndProject
Global
	GlobalSection(SolutionConfigurationPlatforms) = preSolution
		Debug|Any CPU = Debug|Any CPU
		Release|Any CPU = Release|Any CPU
	EndGlobalSection
	GlobalSection(ProjectConfigurationPlatforms) = postSolution
		{AD0684CC-6A56-63F9-9DFF-D5795571BC31}.Debug|Any CPU.ActiveCfg = Debug|Any CPU
		{AD0684CC-6A56-63F9-9DFF-D5795571BC31}.Debug|Any CPU.Build.0 = Debug|Any CPU
		{AD0684CC-6A56-63F9-9DFF-D5795571BC31}.Release|Any CPU.ActiveCfg = Release|Any CPU
		{AD0684CC-6A56-63F9-9DFF-D5795571BC31}.Release|Any CPU.Build.0 = Release|Any CPU
		{3AA6FC2F-5509-A955-9CA5-9A0C03B08446}.Debug|Any CPU.ActiveCfg = Debug|Any CPU
		{3AA6FC2F-5509-A955-9CA5-9A0C03B08446}.Debug|Any CPU.Build.0 = Debug|Any CPU
		{3AA6FC2F-5509-A955-9CA5-9A0C03B08446}.Release|Any CPU.ActiveCfg = Release|Any CPU
		{3AA6FC2F-5509-A955-9CA5-9A0C03B08446}.Release|Any CPU.Build.0 = Release|Any CPU
	EndGlobalSection
	GlobalSection(SolutionProperties) = preSolution
		HideSolutionNode = FALSE
	EndGlobalSection
																																																									GlobalSection(MonoDevelopProperties) = preSolution
		StartupItem = Assembly-CSharp.csproj
		Policies = $0
		$0.TextStylePolicy = $1
		$1.inheritsSet = null
		$1.scope = text/x-csharp
		$0.CSharpFormattingPolicy = $2
		$2.inheritsSet = Mono
		$2.inheritsScope = text/x-csharp
		$2.scope = text/x-csharp
		$0.TextStylePolicy = $3
		$3.FileWidth = 120
		$3.TabWidth = 4
		$3.IndentWidth = 4
		$3.EolMarker = Unix
		$3.inheritsSet = Mono
		$3.inheritsScope = text/plain
		$3.scope = text/plain
	EndGlobalSection

EndGlobal
